{
  "name": "RotateCard",
  "lockfileVersion": 2,
  "requires": true,
  "packages": {
    "": {
      "dependencies": {
        "@she1ry/my-webpack": "^1.0.0"
      }
    },
    "node_modules/@she1ry/my-webpack": {
      "version": "1.0.0",
      "resolved": "https://registry.npmjs.org/@she1ry/my-webpack/-/my-webpack-1.0.0.tgz",
      "integrity": "sha512-i0v0fiZCyCurIKby9ljfsZggjP5fPWpJOtH+BfDth3zAGDUy2qGQs93qsEFBTp2a/4pqE41s1Gd6/Jmd0Ngw4w=="
    }
  },
  "dependencies": {
    "@she1ry/my-webpack": {
      "version": "1.0.0",
      "resolved": "https://registry.npmjs.org/@she1ry/my-webpack/-/my-webpack-1.0.0.tgz",
      "integrity": "sha512-i0v0fiZCyCurIKby9ljfsZggjP5fPWpJOtH+BfDth3zAGDUy2qGQs93qsEFBTp2a/4pqE41s1Gd6/Jmd0Ngw4w=="
    }
  }
}
